
Microsoft Visual Studio Solution File, Format Version 11.00
# Visual Studio 2010
Project("{FAE04EC0-301F-11D3-BF4B-00C04F79EFBC}") = "AuthService", "WcfService1\AuthService.csproj", "{F01A532D-F9C7-4939-928E-40E0C98E318F}"
	ProjectSection(ProjectDependencies) = postProject
		{4143E477-AECE-44D1-B85A-350A0089925D} = {4143E477-AECE-44D1-B85A-350A0089925D}
	EndProjectSection
EndProject
Project("{FAE04EC0-301F-11D3-BF4B-00C04F79EFBC}") = "AuthClient", "AuthClient\AuthClient.csproj", "{1AC0E0A1-AB42-43FA-AFDD-6DBD3E54952F}"
	ProjectSection(ProjectDependencies) = postProject
		{F01A532D-F9C7-4939-928E-40E0C98E318F} = {F01A532D-F9C7-4939-928E-40E0C98E318F}
	EndProjectSection
EndProject
Project("{FAE04EC0-301F-11D3-BF4B-00C04F79EFBC}") = "BussService", "BussService\BussService.csproj", "{4143E477-AECE-44D1-B85A-350A0089925D}"
EndProject
Global
	GlobalSection(SolutionConfigurationPlatforms) = preSolution
		Debug|Any CPU = Debug|Any CPU
		Debug|Mixed Platforms = Debug|Mixed Platforms
		Debug|x86 = Debug|x86
		Release|Any CPU = Release|Any CPU
		Release|Mixed Platforms = Release|Mixed Platforms
		Release|x86 = Release|x86
	EndGlobalSection
	GlobalSection(ProjectConfigurationPlatforms) = postSolution
		{F01A532D-F9C7-4939-928E-40E0C98E318F}.Debug|Any CPU.ActiveCfg = Debug|Any CPU
		{F01A532D-F9C7-4939-928E-40E0C98E318F}.Debug|Any CPU.Build.0 = Debug|Any CPU
		{F01A532D-F9C7-4939-928E-40E0C98E318F}.Debug|Mixed Platforms.ActiveCfg = Debug|Any CPU
		{F01A532D-F9C7-4939-928E-40E0C98E318F}.Debug|Mixed Platforms.Build.0 = Debug|Any CPU
		{F01A532D-F9C7-4939-928E-40E0C98E318F}.Debug|x86.ActiveCfg = Debug|Any CPU
		{F01A532D-F9C7-4939-928E-40E0C98E318F}.Release|Any CPU.ActiveCfg = Release|Any CPU
		{F01A532D-F9C7-4939-928E-40E0C98E318F}.Release|Any CPU.Build.0 = Release|Any CPU
		{F01A532D-F9C7-4939-928E-40E0C98E318F}.Release|Mixed Platforms.ActiveCfg = Release|Any CPU
		{F01A532D-F9C7-4939-928E-40E0C98E318F}.Release|Mixed Platforms.Build.0 = Release|Any CPU
		{F01A532D-F9C7-4939-928E-40E0C98E318F}.Release|x86.ActiveCfg = Release|Any CPU
		{1AC0E0A1-AB42-43FA-AFDD-6DBD3E54952F}.Debug|Any CPU.ActiveCfg = Debug|x86
		{1AC0E0A1-AB42-43FA-AFDD-6DBD3E54952F}.Debug|Mixed Platforms.ActiveCfg = Debug|x86
		{1AC0E0A1-AB42-43FA-AFDD-6DBD3E54952F}.Debug|Mixed Platforms.Build.0 = Debug|x86
		{1AC0E0A1-AB42-43FA-AFDD-6DBD3E54952F}.Debug|x86.ActiveCfg = Debug|x86
		{1AC0E0A1-AB42-43FA-AFDD-6DBD3E54952F}.Debug|x86.Build.0 = Debug|x86
		{1AC0E0A1-AB42-43FA-AFDD-6DBD3E54952F}.Release|Any CPU.ActiveCfg = Release|x86
		{1AC0E0A1-AB42-43FA-AFDD-6DBD3E54952F}.Release|Mixed Platforms.ActiveCfg = Release|x86
		{1AC0E0A1-AB42-43FA-AFDD-6DBD3E54952F}.Release|Mixed Platforms.Build.0 = Release|x86
		{1AC0E0A1-AB42-43FA-AFDD-6DBD3E54952F}.Release|x86.ActiveCfg = Release|x86
		{1AC0E0A1-AB42-43FA-AFDD-6DBD3E54952F}.Release|x86.Build.0 = Release|x86
		{4143E477-AECE-44D1-B85A-350A0089925D}.Debug|Any CPU.ActiveCfg = Debug|Any CPU
		{4143E477-AECE-44D1-B85A-350A0089925D}.Debug|Any CPU.Build.0 = Debug|Any CPU
		{4143E477-AECE-44D1-B85A-350A0089925D}.Debug|Mixed Platforms.ActiveCfg = Debug|Any CPU
		{4143E477-AECE-44D1-B85A-350A0089925D}.Debug|Mixed Platforms.Build.0 = Debug|Any CPU
		{4143E477-AECE-44D1-B85A-350A0089925D}.Debug|x86.ActiveCfg = Debug|Any CPU
		{4143E477-AECE-44D1-B85A-350A0089925D}.Release|Any CPU.ActiveCfg = Release|Any CPU
		{4143E477-AECE-44D1-B85A-350A0089925D}.Release|Any CPU.Build.0 = Release|Any CPU
		{4143E477-AECE-44D1-B85A-350A0089925D}.Release|Mixed Platforms.ActiveCfg = Release|Any CPU
		{4143E477-AECE-44D1-B85A-350A0089925D}.Release|Mixed Platforms.Build.0 = Release|Any CPU
		{4143E477-AECE-44D1-B85A-350A0089925D}.Release|x86.ActiveCfg = Release|Any CPU
	EndGlobalSection
	GlobalSection(SolutionProperties) = preSolution
		HideSolutionNode = FALSE
	EndGlobalSection
EndGlobal
